<?xml version="1.0" encoding="utf-8"?>
<Project ToolsVersion="4.0" xmlns="http://schemas.microsoft.com/developer/msbuild/2003">
  <ItemGroup>
    <Filter Include="Source Files">
      <UniqueIdentifier>{4FC737F1-C7A5-4376-A066-2A32D752A2FF}</UniqueIdentifier>
      <Extensions>cpp;c;cc;cxx;c++;cppm;ixx;def;odl;idl;hpj;bat;asm;asmx</Extensions>
    </Filter>
    <Filter Include="Header Files">
      <UniqueIdentifier>{93995380-89BD-4b04-88EB-625FBE52EBFB}</UniqueIdentifier>
      <Extensions>h;hh;hpp;hxx;h++;hm;inl;inc;ipp;xsd</Extensions>
    </Filter>
    <Filter Include="Resource Files">
      <UniqueIdentifier>{67DA6AB6-F800-4c08-8B7A-83BB121AAD01}</UniqueIdentifier>
      <Extensions>rc;ico;cur;bmp;dlg;rc2;rct;bin;rgs;gif;jpg;jpeg;jpe;resx;tiff;tif;png;wav;mfcribbon-ms</Extensions>
    </Filter>
    <Filter Include="Shader">
      <UniqueIdentifier>{331f61cf-f4ad-428c-91f6-a1191e867df9}</UniqueIdentifier>
    </Filter>
    <Filter Include="ImGui">
      <UniqueIdentifier>{0dfecbde-4ba5-4b34-8757-83a8cc45614d}</UniqueIdentifier>
    </Filter>
    <Filter Include="Header Files\Managers">
      <UniqueIdentifier>{cee08ea1-4b07-4352-8f05-0c63e420fdef}</UniqueIdentifier>
    </Filter>
    <Filter Include="Source Files\Managers">
      <UniqueIdentifier>{a279c84b-bec1-40da-815f-2bdf1455c037}</UniqueIdentifier>
    </Filter>
    <Filter Include="Source Files\TestObjects">
      <UniqueIdentifier>{26467604-1424-485b-bf9f-6727b04d68cf}</UniqueIdentifier>
    </Filter>
    <Filter Include="Header Files\TestObjects">
      <UniqueIdentifier>{6123e118-c992-4532-b7ec-e02a0c50e701}</UniqueIdentifier>
    </Filter>
    <Filter Include="Source Files\RenderPass">
      <UniqueIdentifier>{9da7dad6-cc08-4000-b2bc-45968eadf98a}</UniqueIdentifier>
    </Filter>
    <Filter Include="Header Files\RenderPass">
      <UniqueIdentifier>{ed5b7d68-00bc-4130-b09e-953dad6ef74f}</UniqueIdentifier>
    </Filter>
    <Filter Include="Source Files\Pipelines">
      <UniqueIdentifier>{4fc861c6-3621-4024-b919-d0e3ff7c1b06}</UniqueIdentifier>
    </Filter>
    <Filter Include="Header Files\Pipelines">
      <UniqueIdentifier>{80d00cfa-c1d6-47a9-848e-bc7969b7f86a}</UniqueIdentifier>
    </Filter>
    <Filter Include="Source Files\Texture">
      <UniqueIdentifier>{64f0759f-df5f-4bd7-8bc4-95199ce4ebad}</UniqueIdentifier>
    </Filter>
    <Filter Include="Header Files\Texture">
      <UniqueIdentifier>{dbd2c693-77c3-4b23-affd-6e344ac7418f}</UniqueIdentifier>
    </Filter>
    <Filter Include="Header Files\Renderer">
      <UniqueIdentifier>{fbedfdc5-7a03-4d2c-a521-56e88ac26f28}</UniqueIdentifier>
    </Filter>
    <Filter Include="Source Files\Renderer">
      <UniqueIdentifier>{cce7527b-db49-402b-927b-542603531c87}</UniqueIdentifier>
    </Filter>
  </ItemGroup>
  <ItemGroup>
    <ClCompile Include="Main.cpp">
      <Filter>Source Files</Filter>
    </ClCompile>
    <ClCompile Include="VulkanBuffer.cpp">
      <Filter>Source Files</Filter>
    </ClCompile>
    <ClCompile Include="PerspectiveCamera.cpp">
      <Filter>Source Files</Filter>
    </ClCompile>
    <ClCompile Include="Mouse.cpp">
      <Filter>Source Files</Filter>
    </ClCompile>
    <ClCompile Include="Keyboard.cpp">
      <Filter>Source Files</Filter>
    </ClCompile>
    <ClCompile Include="camera.cpp">
      <Filter>Source Files</Filter>
    </ClCompile>
    <ClCompile Include="ImGui\imgui.cpp">
      <Filter>ImGui</Filter>
    </ClCompile>
    <ClCompile Include="ImGui\imgui_demo.cpp">
      <Filter>ImGui</Filter>
    </ClCompile>
    <ClCompile Include="ImGui\imgui_draw.cpp">
      <Filter>ImGui</Filter>
    </ClCompile>
    <ClCompile Include="ImGui\imgui_impl_glfw.cpp">
      <Filter>ImGui</Filter>
    </ClCompile>
    <ClCompile Include="ImGui\imgui_impl_vulkan.cpp">
      <Filter>ImGui</Filter>
    </ClCompile>
    <ClCompile Include="ImGui\imgui_widgets.cpp">
      <Filter>ImGui</Filter>
    </ClCompile>
    <ClCompile Include="VulkanDebugger.cpp">
      <Filter>Source Files</Filter>
    </ClCompile>
    <ClCompile Include="VulkanEngine.cpp">
      <Filter>Source Files</Filter>
    </ClCompile>
    <ClCompile Include="VulkanSwapChain.cpp">
      <Filter>Source Files</Filter>
    </ClCompile>
    <ClCompile Include="VulkanWindow.cpp">
      <Filter>Source Files</Filter>
    </ClCompile>
    <ClCompile Include="Mesh.cpp">
      <Filter>Source Files</Filter>
    </ClCompile>
    <ClCompile Include="Model.cpp">
      <Filter>Source Files</Filter>
    </ClCompile>
    <ClCompile Include="AccelerationStructure.cpp">
      <Filter>Source Files</Filter>
    </ClCompile>
    <ClCompile Include="Bone.cpp">
      <Filter>Source Files</Filter>
    </ClCompile>
    <ClCompile Include="AnimationPlayer3D.cpp">
      <Filter>Source Files</Filter>
    </ClCompile>
    <ClCompile Include="Animation3D.cpp">
      <Filter>Source Files</Filter>
    </ClCompile>
    <ClCompile Include="DDSTextureLoader.cpp">
      <Filter>Source Files</Filter>
    </ClCompile>
    <ClCompile Include="OrthographicCamera.cpp">
      <Filter>Source Files</Filter>
    </ClCompile>
    <ClCompile Include="Material.cpp">
      <Filter>Source Files</Filter>
    </ClCompile>
    <ClCompile Include="Sprite.cpp">
      <Filter>Source Files</Filter>
    </ClCompile>
    <ClCompile Include="LevelModel.cpp">
      <Filter>Source Files</Filter>
    </ClCompile>
    <ClCompile Include="AssetManager.cpp">
      <Filter>Source Files\Managers</Filter>
    </ClCompile>
    <ClCompile Include="MaterialManager.cpp">
      <Filter>Source Files\Managers</Filter>
    </ClCompile>
    <ClCompile Include="TextureManager.cpp">
      <Filter>Source Files\Managers</Filter>
    </ClCompile>
    <ClCompile Include="MeshManager.cpp">
      <Filter>Source Files\Managers</Filter>
    </ClCompile>
    <ClCompile Include="ModelManager.cpp">
      <Filter>Source Files\Managers</Filter>
    </ClCompile>
    <ClCompile Include="MegaMan.cpp">
      <Filter>Source Files\TestObjects</Filter>
    </ClCompile>
    <ClCompile Include="Mario.cpp">
      <Filter>Source Files\TestObjects</Filter>
    </ClCompile>
    <ClCompile Include="Skybox.cpp">
      <Filter>Source Files</Filter>
    </ClCompile>
    <ClCompile Include="FrameBufferRenderPass.cpp">
      <Filter>Source Files\RenderPass</Filter>
    </ClCompile>
    <ClCompile Include="InterfaceRenderPass.cpp">
      <Filter>Source Files\RenderPass</Filter>
    </ClCompile>
    <ClCompile Include="DeferredRenderPass.cpp">
      <Filter>Source Files\RenderPass</Filter>
    </ClCompile>
    <ClCompile Include="WaterRenderPass.cpp">
      <Filter>Source Files\RenderPass</Filter>
    </ClCompile>
    <ClCompile Include="DebugLightRenderingPipeline.cpp">
      <Filter>Source Files\Pipelines</Filter>
    </ClCompile>
    <ClCompile Include="SkyBoxRenderingPipeline.cpp">
      <Filter>Source Files\Pipelines</Filter>
    </ClCompile>
    <ClCompile Include="WaterSurfacePipeline.cpp">
      <Filter>Source Files\Pipelines</Filter>
    </ClCompile>
    <ClCompile Include="WaterSurfaceMesh.cpp">
      <Filter>Source Files</Filter>
    </ClCompile>
    <ClCompile Include="CubeMapTexture.cpp">
      <Filter>Source Files\Texture</Filter>
    </ClCompile>
    <ClCompile Include="RenderedColorTexture.cpp">
      <Filter>Source Files\Texture</Filter>
    </ClCompile>
    <ClCompile Include="RenderedDepthTexture.cpp">
      <Filter>Source Files\Texture</Filter>
    </ClCompile>
    <ClCompile Include="RenderedGBufferAlbedoTexture.cpp">
      <Filter>Source Files\Texture</Filter>
    </ClCompile>
    <ClCompile Include="RenderedGBufferNormalTexture.cpp">
      <Filter>Source Files\Texture</Filter>
    </ClCompile>
    <ClCompile Include="RenderedGBufferPositionTexture.cpp">
      <Filter>Source Files\Texture</Filter>
    </ClCompile>
    <ClCompile Include="RenderedRayTracedColorTexture.cpp">
      <Filter>Source Files\Texture</Filter>
    </ClCompile>
    <ClCompile Include="Texture.cpp">
      <Filter>Source Files\Texture</Filter>
    </ClCompile>
    <ClCompile Include="Texture2D.cpp">
      <Filter>Source Files\Texture</Filter>
    </ClCompile>
    <ClCompile Include="Texture3D.cpp">
      <Filter>Source Files\Texture</Filter>
    </ClCompile>
    <ClCompile Include="GraphicsPipeline.cpp">
      <Filter>Source Files\Pipelines</Filter>
    </ClCompile>
    <ClCompile Include="RenderWaterTexturePipeline.cpp">
      <Filter>Source Files\Pipelines</Filter>
    </ClCompile>
    <ClCompile Include="AnimatorCompute.cpp">
      <Filter>Source Files\RenderPass</Filter>
    </ClCompile>
    <ClCompile Include="RayTraceRenderPass.cpp">
      <Filter>Source Files\RenderPass</Filter>
    </ClCompile>
    <ClCompile Include="BaseRenderPass.cpp">
      <Filter>Source Files\RenderPass</Filter>
    </ClCompile>
    <ClCompile Include="ForwardRenderPass.cpp">
      <Filter>Source Files\RenderPass</Filter>
    </ClCompile>
    <ClCompile Include="ForwardRenderingPipeline.cpp">
      <Filter>Source Files\Pipelines</Filter>
    </ClCompile>
    <ClCompile Include="HeightMapTexture.cpp">
      <Filter>Source Files\Texture</Filter>
    </ClCompile>
    <ClCompile Include="TerrainMesh.cpp">
      <Filter>Source Files</Filter>
    </ClCompile>
    <ClCompile Include="PBRPipeline.cpp">
      <Filter>Source Files\Pipelines</Filter>
    </ClCompile>
    <ClCompile Include="PBRIrradiancePipeline.cpp">
      <Filter>Source Files\Pipelines</Filter>
    </ClCompile>
    <ClCompile Include="SkyboxTextureRenderPass.cpp">
      <Filter>Source Files\RenderPass</Filter>
    </ClCompile>
    <ClCompile Include="RenderedCubeMapTexture.cpp">
      <Filter>Source Files\Texture</Filter>
    </ClCompile>
    <ClCompile Include="CubeMapRenderingPipeline.cpp">
      <Filter>Source Files\Pipelines</Filter>
    </ClCompile>
    <ClCompile Include="CubeMapRenderPass.cpp">
      <Filter>Source Files\RenderPass</Filter>
    </ClCompile>
    <ClCompile Include="Engine.cpp">
      <Filter>Source Files</Filter>
    </ClCompile>
    <ClCompile Include="brdfRenderingPipeline.cpp">
      <Filter>Source Files\Pipelines</Filter>
    </ClCompile>
    <ClCompile Include="PrefilterRenderingPipeline.cpp">
      <Filter>Source Files\Pipelines</Filter>
    </ClCompile>
    <ClCompile Include="PrefilterRenderPass.cpp">
      <Filter>Source Files\RenderPass</Filter>
    </ClCompile>
    <ClCompile Include="BRDFRenderPass.cpp">
      <Filter>Source Files\RenderPass</Filter>
    </ClCompile>
    <ClCompile Include="BlinnPhongRasterRenderer.cpp">
      <Filter>Source Files\Renderer</Filter>
    </ClCompile>
    <ClCompile Include="PBRRenderer.cpp">
      <Filter>Source Files\Renderer</Filter>
    </ClCompile>
    <ClCompile Include="BaseRenderer.cpp">
      <Filter>Source Files\Renderer</Filter>
    </ClCompile>
    <ClCompile Include="Renderer.cpp">
      <Filter>Source Files\Managers</Filter>
    </ClCompile>
    <ClCompile Include="RenderFrameBufferTexturePipeline.cpp">
      <Filter>Source Files\Pipelines</Filter>
    </ClCompile>
    <ClCompile Include="FrameBufferTextureRenderPass.cpp">
      <Filter>Source Files\RenderPass</Filter>
    </ClCompile>
    <ClCompile Include="FrameBufferPipeline.cpp">
      <Filter>Source Files\Pipelines</Filter>
    </ClCompile>
    <ClCompile Include="RenderPBRFrameBufferTexturePipeline.cpp">
      <Filter>Source Files\Pipelines</Filter>
    </ClCompile>
    <ClCompile Include="RayTracePBRRenderer.cpp">
      <Filter>Source Files\Renderer</Filter>
    </ClCompile>
    <ClCompile Include="RayTraceRenderer.cpp">
      <Filter>Source Files\Renderer</Filter>
    </ClCompile>
    <ClCompile Include="HybridRenderer.cpp">
      <Filter>Source Files\Renderer</Filter>
    </ClCompile>
    <ClCompile Include="HybridFrameBufferPipeline.cpp">
      <Filter>Source Files\Pipelines</Filter>
    </ClCompile>
    <ClCompile Include="HybridFrameBufferRenderPass.cpp">
      <Filter>Source Files\RenderPass</Filter>
    </ClCompile>
    <ClCompile Include="GBufferPipeline.cpp">
      <Filter>Source Files\Pipelines</Filter>
    </ClCompile>
    <ClCompile Include="SSAOPipeline.cpp">
      <Filter>Source Files\Pipelines</Filter>
    </ClCompile>
    <ClCompile Include="SSAORenderPass.cpp">
      <Filter>Source Files\RenderPass</Filter>
    </ClCompile>
    <ClCompile Include="SSAOBlurRenderPass.cpp">
      <Filter>Source Files\RenderPass</Filter>
    </ClCompile>
    <ClCompile Include="SSAOBlurPipeline.cpp">
      <Filter>Source Files\Pipelines</Filter>
    </ClCompile>
  </ItemGroup>
  <ItemGroup>
    <None Include="Shader\miss.rmiss">
      <Filter>Shader</Filter>
    </None>
    <None Include="Shader\raygen.rgen">
      <Filter>Shader</Filter>
    </None>
    <None Include="Shader\closesthit.rchit">
      <Filter>Shader</Filter>
    </None>
    <None Include="Shader\shader.frag">
      <Filter>Shader</Filter>
    </None>
    <None Include="Shader\shader.vert">
      <Filter>Shader</Filter>
    </None>
    <None Include="Shader\Lighting.glsl">
      <Filter>Shader</Filter>
    </None>
    <None Include="Shader\Material.glsl">
      <Filter>Shader</Filter>
    </None>
    <None Include="Shader\animate.comp">
      <Filter>Shader</Filter>
    </None>
    <None Include="Shader\anyhit.rahit">
      <Filter>Shader</Filter>
    </None>
    <None Include="Shader\shadow.rmiss">
      <Filter>Shader</Filter>
    </None>
    <None Include="Shader\Vertex.glsl">
      <Filter>Shader</Filter>
    </None>
    <None Include="Shader\anyhit1.rahit">
      <Filter>Shader</Filter>
    </None>
    <None Include="Shader\FrameBuffer.frag">
      <Filter>Shader</Filter>
    </None>
    <None Include="Shader\FrameBuffer.vert">
      <Filter>Shader</Filter>
    </None>
    <None Include="Shader\SkyBoxShader.frag">
      <Filter>Shader</Filter>
    </None>
    <None Include="Shader\SkyBoxShader.vert">
      <Filter>Shader</Filter>
    </None>
    <None Include="Shader\GBuffer.frag">
      <Filter>Shader</Filter>
    </None>
    <None Include="Shader\GBuffer.vert">
      <Filter>Shader</Filter>
    </None>
    <None Include="Shader\DeferedShader.frag">
      <Filter>Shader</Filter>
    </None>
    <None Include="Shader\DeferedShader.vert">
      <Filter>Shader</Filter>
    </None>
    <None Include="Shader\pbrClosesthit.rchit">
      <Filter>Shader</Filter>
    </None>
    <None Include="Shader\TextureShader.frag">
      <Filter>Shader</Filter>
    </None>
    <None Include="Shader\TextureShader.vert">
      <Filter>Shader</Filter>
    </None>
    <None Include="Shader\LightDebug.frag">
      <Filter>Shader</Filter>
    </None>
    <None Include="Shader\LightDebug.vert">
      <Filter>Shader</Filter>
    </None>
    <None Include="Shader\WaterSurfaceShader.frag">
      <Filter>Shader</Filter>
    </None>
    <None Include="Shader\WaterSurfaceShader.vert">
      <Filter>Shader</Filter>
    </None>
    <None Include="Shader\WaterRenderToTextureShader.frag">
      <Filter>Shader</Filter>
    </None>
    <None Include="Shader\WaterRenderToTextureShader.vert">
      <Filter>Shader</Filter>
    </None>
    <None Include="Shader\PBRShader.frag">
      <Filter>Shader</Filter>
    </None>
    <None Include="Shader\PBRShader.vert">
      <Filter>Shader</Filter>
    </None>
    <None Include="Shader\PBRIrradianceSkybox.frag">
      <Filter>Shader</Filter>
    </None>
    <None Include="Shader\PBRIrradianceSkybox.vert">
      <Filter>Shader</Filter>
    </None>
    <None Include="Shader\SkyboxTextureRenderer.frag">
      <Filter>Shader</Filter>
    </None>
    <None Include="Shader\SkyboxTextureRenderer.vert">
      <Filter>Shader</Filter>
    </None>
    <None Include="Shader\Prefilter.frag">
      <Filter>Shader</Filter>
    </None>
    <None Include="Shader\Prefilter.vert">
      <Filter>Shader</Filter>
    </None>
    <None Include="Shader\BRDFRenderer.frag">
      <Filter>Shader</Filter>
    </None>
    <None Include="Shader\BRDFRenderer.vert">
      <Filter>Shader</Filter>
    </None>
    <None Include="Shader\PBRTextureRendererShader.frag">
      <Filter>Shader</Filter>
    </None>
    <None Include="Shader\PBRTextureRendererShader.vert">
      <Filter>Shader</Filter>
    </None>
    <None Include="Shader\HybridFrameBuffer.frag">
      <Filter>Shader</Filter>
    </None>
    <None Include="Shader\HybridFrameBuffer.vert">
      <Filter>Shader</Filter>
    </None>
    <None Include="Shader\SSAOShader.frag">
      <Filter>Shader</Filter>
    </None>
    <None Include="Shader\SSAOShader.vert">
      <Filter>Shader</Filter>
    </None>
    <None Include="Shader\SSAOBlurShader.frag">
      <Filter>Shader</Filter>
    </None>
    <None Include="Shader\SSAOBlurShader.vert">
      <Filter>Shader</Filter>
    </None>
  </ItemGroup>
  <ItemGroup>
    <ClInclude Include="VulkanBuffer.h">
      <Filter>Header Files</Filter>
    </ClInclude>
    <ClInclude Include="Camera.h">
      <Filter>Header Files</Filter>
    </ClInclude>
    <ClInclude Include="Keyboard.h">
      <Filter>Header Files</Filter>
    </ClInclude>
    <ClInclude Include="Mouse.h">
      <Filter>Header Files</Filter>
    </ClInclude>
    <ClInclude Include="PerspectiveCamera.h">
      <Filter>Header Files</Filter>
    </ClInclude>
    <ClInclude Include="ImGui\imconfig.h">
      <Filter>ImGui</Filter>
    </ClInclude>
    <ClInclude Include="ImGui\imgui.h">
      <Filter>ImGui</Filter>
    </ClInclude>
    <ClInclude Include="ImGui\imgui_impl_glfw.h">
      <Filter>ImGui</Filter>
    </ClInclude>
    <ClInclude Include="ImGui\imgui_impl_vulkan.h">
      <Filter>ImGui</Filter>
    </ClInclude>
    <ClInclude Include="ImGui\imgui_internal.h">
      <Filter>ImGui</Filter>
    </ClInclude>
    <ClInclude Include="ImGui\imstb_rectpack.h">
      <Filter>ImGui</Filter>
    </ClInclude>
    <ClInclude Include="ImGui\imstb_textedit.h">
      <Filter>ImGui</Filter>
    </ClInclude>
    <ClInclude Include="ImGui\imstb_truetype.h">
      <Filter>ImGui</Filter>
    </ClInclude>
    <ClInclude Include="VulkanDebugger.h">
      <Filter>Header Files</Filter>
    </ClInclude>
    <ClInclude Include="VulkanEngine.h">
      <Filter>Header Files</Filter>
    </ClInclude>
    <ClInclude Include="VulkanSwapChain.h">
      <Filter>Header Files</Filter>
    </ClInclude>
    <ClInclude Include="VulkanWindow.h">
      <Filter>Header Files</Filter>
    </ClInclude>
    <ClInclude Include="Vertex.h">
      <Filter>Header Files</Filter>
    </ClInclude>
    <ClInclude Include="Mesh.h">
      <Filter>Header Files</Filter>
    </ClInclude>
    <ClInclude Include="SceneData.h">
      <Filter>Header Files</Filter>
    </ClInclude>
    <ClInclude Include="Model.h">
      <Filter>Header Files</Filter>
    </ClInclude>
    <ClInclude Include="AccelerationStructure.h">
      <Filter>Header Files</Filter>
    </ClInclude>
    <ClInclude Include="bone.h">
      <Filter>Header Files</Filter>
    </ClInclude>
    <ClInclude Include="AnimationPlayer3D.h">
      <Filter>Header Files</Filter>
    </ClInclude>
    <ClInclude Include="Animation3D.h">
      <Filter>Header Files</Filter>
    </ClInclude>
    <ClInclude Include="DDSTextureLoader.h">
      <Filter>Header Files</Filter>
    </ClInclude>
    <ClInclude Include="Pixel.h">
      <Filter>Header Files</Filter>
    </ClInclude>
    <ClInclude Include="OrthographicCamera.h">
      <Filter>Header Files</Filter>
    </ClInclude>
    <ClInclude Include="Material.h">
      <Filter>Header Files</Filter>
    </ClInclude>
    <ClInclude Include="Sprite.h">
      <Filter>Header Files</Filter>
    </ClInclude>
    <ClInclude Include="LevelModel.h">
      <Filter>Header Files</Filter>
    </ClInclude>
    <ClInclude Include="AssetManager.h">
      <Filter>Header Files\Managers</Filter>
    </ClInclude>
    <ClInclude Include="TextureManager.h">
      <Filter>Header Files\Managers</Filter>
    </ClInclude>
    <ClInclude Include="MaterialManager.h">
      <Filter>Header Files\Managers</Filter>
    </ClInclude>
    <ClInclude Include="MeshManager.h">
      <Filter>Header Files\Managers</Filter>
    </ClInclude>
    <ClInclude Include="ModelManager.h">
      <Filter>Header Files\Managers</Filter>
    </ClInclude>
    <ClInclude Include="Mario.h">
      <Filter>Header Files\TestObjects</Filter>
    </ClInclude>
    <ClInclude Include="MegaMan.h">
      <Filter>Header Files\TestObjects</Filter>
    </ClInclude>
    <ClInclude Include="Skybox.h">
      <Filter>Header Files</Filter>
    </ClInclude>
    <ClInclude Include="FrameBufferRenderPass.h">
      <Filter>Header Files\RenderPass</Filter>
    </ClInclude>
    <ClInclude Include="InterfaceRenderPass.h">
      <Filter>Header Files\RenderPass</Filter>
    </ClInclude>
    <ClInclude Include="DeferredRenderPass.h">
      <Filter>Header Files\RenderPass</Filter>
    </ClInclude>
    <ClInclude Include="WaterRenderPass.h">
      <Filter>Header Files\RenderPass</Filter>
    </ClInclude>
    <ClInclude Include="DebugLightRenderingPipeline.h">
      <Filter>Header Files\Pipelines</Filter>
    </ClInclude>
    <ClInclude Include="SkyBoxRenderingPipeline.h">
      <Filter>Header Files\Pipelines</Filter>
    </ClInclude>
    <ClInclude Include="WaterSurfacePipeline.h">
      <Filter>Header Files\Pipelines</Filter>
    </ClInclude>
    <ClInclude Include="WaterSurfaceMesh.h">
      <Filter>Header Files</Filter>
    </ClInclude>
    <ClInclude Include="GraphicsPipeline.h">
      <Filter>Header Files\Pipelines</Filter>
    </ClInclude>
    <ClInclude Include="RenderedColorTexture.h">
      <Filter>Header Files\Texture</Filter>
    </ClInclude>
    <ClInclude Include="RenderedDepthTexture.h">
      <Filter>Header Files\Texture</Filter>
    </ClInclude>
    <ClInclude Include="RenderedGBufferAlbedoTexture.h">
      <Filter>Header Files\Texture</Filter>
    </ClInclude>
    <ClInclude Include="RenderedGBufferNormalTexture.h">
      <Filter>Header Files\Texture</Filter>
    </ClInclude>
    <ClInclude Include="RenderedGBufferPositionTexture.h">
      <Filter>Header Files\Texture</Filter>
    </ClInclude>
    <ClInclude Include="RenderedRayTracedColorTexture.h">
      <Filter>Header Files\Texture</Filter>
    </ClInclude>
    <ClInclude Include="Texture.h">
      <Filter>Header Files\Texture</Filter>
    </ClInclude>
    <ClInclude Include="Texture3D.h">
      <Filter>Header Files\Texture</Filter>
    </ClInclude>
    <ClInclude Include="Texture2D.h">
      <Filter>Header Files\Texture</Filter>
    </ClInclude>
    <ClInclude Include="CubeMapTexture.h">
      <Filter>Header Files\Texture</Filter>
    </ClInclude>
    <ClInclude Include="RenderWaterTexturePipeline.h">
      <Filter>Header Files\Pipelines</Filter>
    </ClInclude>
    <ClInclude Include="AnimatorCompute.h">
      <Filter>Header Files\RenderPass</Filter>
    </ClInclude>
    <ClInclude Include="RayTraceRenderPass.h">
      <Filter>Header Files\RenderPass</Filter>
    </ClInclude>
    <ClInclude Include="BaseRenderPass.h">
      <Filter>Header Files\RenderPass</Filter>
    </ClInclude>
    <ClInclude Include="ForwardRenderPass.h">
      <Filter>Header Files\RenderPass</Filter>
    </ClInclude>
    <ClInclude Include="ForwardRenderingPipeline.h">
      <Filter>Header Files\Pipelines</Filter>
    </ClInclude>
    <ClInclude Include="HeightMapTexture.h">
      <Filter>Header Files\Texture</Filter>
    </ClInclude>
    <ClInclude Include="TerrainMesh.h">
      <Filter>Header Files</Filter>
    </ClInclude>
    <ClInclude Include="PBRPipeline.h">
      <Filter>Header Files\Pipelines</Filter>
    </ClInclude>
    <ClInclude Include="PBRIrradiancePipeline.h">
      <Filter>Header Files\Pipelines</Filter>
    </ClInclude>
    <ClInclude Include="SkyboxTextureRenderPass.h">
      <Filter>Header Files\RenderPass</Filter>
    </ClInclude>
    <ClInclude Include="RenderedCubeMapTexture.h">
      <Filter>Header Files\Texture</Filter>
    </ClInclude>
    <ClInclude Include="CubeMapRenderingPipeline.h">
      <Filter>Header Files\Pipelines</Filter>
    </ClInclude>
    <ClInclude Include="CubeMapRenderPass.h">
      <Filter>Header Files\RenderPass</Filter>
    </ClInclude>
    <ClInclude Include="Engine.h">
      <Filter>Header Files</Filter>
    </ClInclude>
    <ClInclude Include="brdfRenderingPipeline.h">
      <Filter>Header Files\Pipelines</Filter>
    </ClInclude>
    <ClInclude Include="PrefilterRenderingPipeline.h">
      <Filter>Header Files\Pipelines</Filter>
    </ClInclude>
    <ClInclude Include="PrefilterRenderPass.h">
      <Filter>Header Files\RenderPass</Filter>
    </ClInclude>
    <ClInclude Include="BRDFRenderPass.h">
      <Filter>Header Files\RenderPass</Filter>
    </ClInclude>
    <ClInclude Include="BlinnPhongRasterRenderer.h">
      <Filter>Header Files\Renderer</Filter>
    </ClInclude>
    <ClInclude Include="PBRRenderer.h">
      <Filter>Header Files\Renderer</Filter>
    </ClInclude>
    <ClInclude Include="BaseRenderer.h">
      <Filter>Header Files\Renderer</Filter>
    </ClInclude>
    <ClInclude Include="Renderer.h">
      <Filter>Header Files\Managers</Filter>
    </ClInclude>
    <ClInclude Include="RenderFrameBufferTexturePipeline.h">
      <Filter>Header Files\Pipelines</Filter>
    </ClInclude>
    <ClInclude Include="FrameBufferTextureRenderPass.h">
      <Filter>Header Files\RenderPass</Filter>
    </ClInclude>
    <ClInclude Include="FrameBufferPipeline.h">
      <Filter>Header Files\Pipelines</Filter>
    </ClInclude>
    <ClInclude Include="RenderPBRFrameBufferTexturePipeline.h">
      <Filter>Header Files\Pipelines</Filter>
    </ClInclude>
    <ClInclude Include="RayTraceRenderer.h">
      <Filter>Header Files\Renderer</Filter>
    </ClInclude>
    <ClInclude Include="RayTracePBRRenderer.h">
      <Filter>Header Files\Renderer</Filter>
    </ClInclude>
    <ClInclude Include="HybridRenderer.h">
      <Filter>Header Files\Renderer</Filter>
    </ClInclude>
    <ClInclude Include="HybridFrameBufferPipeline.h">
      <Filter>Header Files\Pipelines</Filter>
    </ClInclude>
    <ClInclude Include="HybridFrameBufferRenderPass.h">
      <Filter>Header Files\RenderPass</Filter>
    </ClInclude>
    <ClInclude Include="GBufferPipeline.h">
      <Filter>Header Files\Pipelines</Filter>
    </ClInclude>
    <ClInclude Include="SSAOPipeline.h">
      <Filter>Header Files\Pipelines</Filter>
    </ClInclude>
    <ClInclude Include="SSAORenderPass.h">
      <Filter>Header Files\RenderPass</Filter>
    </ClInclude>
    <ClInclude Include="SSAOBlurRenderPass.h">
      <Filter>Header Files</Filter>
    </ClInclude>
    <ClInclude Include="SSAOBlurPipeline.h">
      <Filter>Header Files\Pipelines</Filter>
    </ClInclude>
  </ItemGroup>
</Project>