<?xml version="1.0" encoding="utf-8"?>
<Project ToolsVersion="4.0" xmlns="http://schemas.microsoft.com/developer/msbuild/2003">
  <ItemGroup>
    <Filter Include="Source Files">
      <UniqueIdentifier>{4FC737F1-C7A5-4376-A066-2A32D752A2FF}</UniqueIdentifier>
      <Extensions>cpp;c;cc;cxx;def;odl;idl;hpj;bat;asm;asmx</Extensions>
    </Filter>
    <Filter Include="Header Files">
      <UniqueIdentifier>{93995380-89BD-4b04-88EB-625FBE52EBFB}</UniqueIdentifier>
      <Extensions>h;hh;hpp;hxx;hm;inl;inc;ipp;xsd</Extensions>
    </Filter>
    <Filter Include="Resource Files">
      <UniqueIdentifier>{67DA6AB6-F800-4c08-8B7A-83BB121AAD01}</UniqueIdentifier>
      <Extensions>rc;ico;cur;bmp;dlg;rc2;rct;bin;rgs;gif;jpg;jpeg;jpe;resx;tiff;tif;png;wav;mfcribbon-ms</Extensions>
    </Filter>
    <Filter Include="Shader">
      <UniqueIdentifier>{d1277170-9bc4-47b4-a0ee-a662f66fb994}</UniqueIdentifier>
    </Filter>
    <Filter Include="ImGui">
      <UniqueIdentifier>{5675aa2a-079a-4ff1-a593-64b98353056d}</UniqueIdentifier>
    </Filter>
  </ItemGroup>
  <ItemGroup>
    <ClCompile Include="ImGui\imgui.cpp">
      <Filter>ImGui</Filter>
    </ClCompile>
    <ClCompile Include="ImGui\imgui_demo.cpp">
      <Filter>ImGui</Filter>
    </ClCompile>
    <ClCompile Include="ImGui\imgui_draw.cpp">
      <Filter>ImGui</Filter>
    </ClCompile>
    <ClCompile Include="ImGui\imgui_impl_vulkan.cpp">
      <Filter>ImGui</Filter>
    </ClCompile>
    <ClCompile Include="ImGui\imgui_widgets.cpp">
      <Filter>ImGui</Filter>
    </ClCompile>
    <ClCompile Include="ImGui\imgui_impl_glfw.cpp">
      <Filter>ImGui</Filter>
    </ClCompile>
    <ClCompile Include="AccelerationStructure.cpp">
      <Filter>Source Files</Filter>
    </ClCompile>
    <ClCompile Include="camera.cpp">
      <Filter>Source Files</Filter>
    </ClCompile>
    <ClCompile Include="CubeMapTexture.cpp">
      <Filter>Source Files</Filter>
    </ClCompile>
    <ClCompile Include="DDSTextureLoader.cpp">
      <Filter>Source Files</Filter>
    </ClCompile>
    <ClCompile Include="FontTexture.cpp">
      <Filter>Source Files</Filter>
    </ClCompile>
    <ClCompile Include="ForwardRenderingPipeline.cpp">
      <Filter>Source Files</Filter>
    </ClCompile>
    <ClCompile Include="FrameBufferRenderingPipeline.cpp">
      <Filter>Source Files</Filter>
    </ClCompile>
    <ClCompile Include="FrameBufferRenderPass.cpp">
      <Filter>Source Files</Filter>
    </ClCompile>
    <ClCompile Include="GraphicsPipeline.cpp">
      <Filter>Source Files</Filter>
    </ClCompile>
    <ClCompile Include="InterfaceRenderPass.cpp">
      <Filter>Source Files</Filter>
    </ClCompile>
    <ClCompile Include="Keyboard.cpp">
      <Filter>Source Files</Filter>
    </ClCompile>
    <ClCompile Include="Main.cpp">
      <Filter>Source Files</Filter>
    </ClCompile>
    <ClCompile Include="MainRenderPass.cpp">
      <Filter>Source Files</Filter>
    </ClCompile>
    <ClCompile Include="MaterialManager.cpp">
      <Filter>Source Files</Filter>
    </ClCompile>
    <ClCompile Include="Mesh.cpp">
      <Filter>Source Files</Filter>
    </ClCompile>
    <ClCompile Include="Model.cpp">
      <Filter>Source Files</Filter>
    </ClCompile>
    <ClCompile Include="ModelRenderManager.cpp">
      <Filter>Source Files</Filter>
    </ClCompile>
    <ClCompile Include="Mouse.cpp">
      <Filter>Source Files</Filter>
    </ClCompile>
    <ClCompile Include="PerspectiveCamera.cpp">
      <Filter>Source Files</Filter>
    </ClCompile>
    <ClCompile Include="RayTraceRenderer.cpp">
      <Filter>Source Files</Filter>
    </ClCompile>
    <ClCompile Include="RenderedColorTexture.cpp">
      <Filter>Source Files</Filter>
    </ClCompile>
    <ClCompile Include="RenderedCubeMapTexture.cpp">
      <Filter>Source Files</Filter>
    </ClCompile>
    <ClCompile Include="RenderedDepthTexture.cpp">
      <Filter>Source Files</Filter>
    </ClCompile>
    <ClCompile Include="RenderedGBufferAlbedoTexture.cpp">
      <Filter>Source Files</Filter>
    </ClCompile>
    <ClCompile Include="RenderedGBufferNormalTexture.cpp">
      <Filter>Source Files</Filter>
    </ClCompile>
    <ClCompile Include="RenderedGBufferPositionTexture.cpp">
      <Filter>Source Files</Filter>
    </ClCompile>
    <ClCompile Include="RenderedGTBNTexture.cpp">
      <Filter>Source Files</Filter>
    </ClCompile>
    <ClCompile Include="RenderedRayTracedColorTexture.cpp">
      <Filter>Source Files</Filter>
    </ClCompile>
    <ClCompile Include="Renderer.cpp">
      <Filter>Source Files</Filter>
    </ClCompile>
    <ClCompile Include="SceneRenderingPipeline.cpp">
      <Filter>Source Files</Filter>
    </ClCompile>
    <ClCompile Include="SceneRenderPass.cpp">
      <Filter>Source Files</Filter>
    </ClCompile>
    <ClCompile Include="Texture.cpp">
      <Filter>Source Files</Filter>
    </ClCompile>
    <ClCompile Include="Texture2D.cpp">
      <Filter>Source Files</Filter>
    </ClCompile>
    <ClCompile Include="Texture3D.cpp">
      <Filter>Source Files</Filter>
    </ClCompile>
    <ClCompile Include="TextureManager.cpp">
      <Filter>Source Files</Filter>
    </ClCompile>
    <ClCompile Include="VulkanBuffer.cpp">
      <Filter>Source Files</Filter>
    </ClCompile>
    <ClCompile Include="VulkanDebugger.cpp">
      <Filter>Source Files</Filter>
    </ClCompile>
    <ClCompile Include="VulkanEngine.cpp">
      <Filter>Source Files</Filter>
    </ClCompile>
    <ClCompile Include="VulkanPtr.cpp">
      <Filter>Source Files</Filter>
    </ClCompile>
    <ClCompile Include="VulkanSwapChain.cpp">
      <Filter>Source Files</Filter>
    </ClCompile>
    <ClCompile Include="VulkanWindow.cpp">
      <Filter>Source Files</Filter>
    </ClCompile>
  </ItemGroup>
  <ItemGroup>
    <None Include="Shaders\PBR_BloomOutput.frag">
      <Filter>Shader</Filter>
    </None>
    <None Include="Shaders\PBR_BloomOutput.vert">
      <Filter>Shader</Filter>
    </None>
    <None Include="Shaders\Structs.glsl">
      <Filter>Shader</Filter>
    </None>
    <None Include="Shaders\VertexStructs.glsl">
      <Filter>Shader</Filter>
    </None>
    <None Include="Shaders\PBR.glsl">
      <Filter>Shader</Filter>
    </None>
    <None Include="Shaders\closesthit.rchit">
      <Filter>Shader</Filter>
    </None>
    <None Include="Shaders\miss.rmiss">
      <Filter>Shader</Filter>
    </None>
    <None Include="Shaders\raygen.rgen">
      <Filter>Shader</Filter>
    </None>
    <None Include="shadow.rmiss">
      <Filter>Shader</Filter>
    </None>
    <None Include="Shader\closesthit.rchit">
      <Filter>Shader</Filter>
    </None>
    <None Include="Shader\compile.bat">
      <Filter>Shader</Filter>
    </None>
    <None Include="Shader\Lighting.glsl">
      <Filter>Shader</Filter>
    </None>
    <None Include="Shader\Material.glsl">
      <Filter>Shader</Filter>
    </None>
    <None Include="Shader\miss.rmiss">
      <Filter>Shader</Filter>
    </None>
    <None Include="Shader\pathtrace.rgen">
      <Filter>Shader</Filter>
    </None>
    <None Include="Shader\RasterShadowClosestHit.rchit">
      <Filter>Shader</Filter>
    </None>
    <None Include="Shader\raygen.rgen">
      <Filter>Shader</Filter>
    </None>
    <None Include="Shader\shader.frag">
      <Filter>Shader</Filter>
    </None>
    <None Include="Shader\shader.vert">
      <Filter>Shader</Filter>
    </None>
    <None Include="Shader\shadow.rmiss">
      <Filter>Shader</Filter>
    </None>
    <None Include="alpha.rahit">
      <Filter>Source Files</Filter>
    </None>
    <None Include="imgui.ini">
      <Filter>Source Files</Filter>
    </None>
  </ItemGroup>
  <ItemGroup>
    <ClInclude Include="ImGui\imconfig.h">
      <Filter>ImGui</Filter>
    </ClInclude>
    <ClInclude Include="ImGui\imgui.h">
      <Filter>ImGui</Filter>
    </ClInclude>
    <ClInclude Include="ImGui\imgui_impl_vulkan.h">
      <Filter>ImGui</Filter>
    </ClInclude>
    <ClInclude Include="ImGui\imgui_internal.h">
      <Filter>ImGui</Filter>
    </ClInclude>
    <ClInclude Include="ImGui\imstb_rectpack.h">
      <Filter>ImGui</Filter>
    </ClInclude>
    <ClInclude Include="ImGui\imstb_textedit.h">
      <Filter>ImGui</Filter>
    </ClInclude>
    <ClInclude Include="ImGui\imstb_truetype.h">
      <Filter>ImGui</Filter>
    </ClInclude>
    <ClInclude Include="ImGui\imgui_impl_glfw.h">
      <Filter>ImGui</Filter>
    </ClInclude>
    <ClInclude Include="RayTraceVertexBuffer.h">
      <Filter>Header Files</Filter>
    </ClInclude>
    <ClInclude Include="RayTraceIndicesBuffer.h">
      <Filter>Header Files</Filter>
    </ClInclude>
    <ClInclude Include="RayTraceTexture.h">
      <Filter>Header Files</Filter>
    </ClInclude>
    <ClInclude Include="Renderer.h">
      <Filter>Header Files</Filter>
    </ClInclude>
    <ClInclude Include="VulkanPtr.h">
      <Filter>Header Files</Filter>
    </ClInclude>
    <ClInclude Include="AccelerationStructure.h">
      <Filter>Source Files</Filter>
    </ClInclude>
    <ClInclude Include="Camera.h">
      <Filter>Source Files</Filter>
    </ClInclude>
    <ClInclude Include="CubeMapTexture.h">
      <Filter>Source Files</Filter>
    </ClInclude>
    <ClInclude Include="DDSTextureLoader.h">
      <Filter>Source Files</Filter>
    </ClInclude>
    <ClInclude Include="FontTexture.h">
      <Filter>Source Files</Filter>
    </ClInclude>
    <ClInclude Include="ForwardRenderingPipeline.h">
      <Filter>Source Files</Filter>
    </ClInclude>
    <ClInclude Include="FrameBufferRenderingPipeline.h">
      <Filter>Source Files</Filter>
    </ClInclude>
    <ClInclude Include="FrameBufferRenderPass.h">
      <Filter>Source Files</Filter>
    </ClInclude>
    <ClInclude Include="GraphicsPipeline.h">
      <Filter>Source Files</Filter>
    </ClInclude>
    <ClInclude Include="InterfaceRenderPass.h">
      <Filter>Source Files</Filter>
    </ClInclude>
    <ClInclude Include="Keyboard.h">
      <Filter>Source Files</Filter>
    </ClInclude>
    <ClInclude Include="MainRenderPass.h">
      <Filter>Source Files</Filter>
    </ClInclude>
    <ClInclude Include="MaterialManager.h">
      <Filter>Source Files</Filter>
    </ClInclude>
    <ClInclude Include="Mesh.h">
      <Filter>Source Files</Filter>
    </ClInclude>
    <ClInclude Include="Model.h">
      <Filter>Source Files</Filter>
    </ClInclude>
    <ClInclude Include="ModelRenderManager.h">
      <Filter>Source Files</Filter>
    </ClInclude>
    <ClInclude Include="Mouse.h">
      <Filter>Source Files</Filter>
    </ClInclude>
    <ClInclude Include="PerspectiveCamera.h">
      <Filter>Source Files</Filter>
    </ClInclude>
    <ClInclude Include="Pixel.h">
      <Filter>Source Files</Filter>
    </ClInclude>
    <ClInclude Include="RayTraceRenderer.h">
      <Filter>Source Files</Filter>
    </ClInclude>
    <ClInclude Include="RenderedColorTexture.h">
      <Filter>Source Files</Filter>
    </ClInclude>
    <ClInclude Include="RenderedCubeMapTexture.h">
      <Filter>Source Files</Filter>
    </ClInclude>
    <ClInclude Include="RenderedDepthTexture.h">
      <Filter>Source Files</Filter>
    </ClInclude>
    <ClInclude Include="RenderedGBufferAlbedoTexture.h">
      <Filter>Source Files</Filter>
    </ClInclude>
    <ClInclude Include="RenderedGBufferNormalTexture.h">
      <Filter>Source Files</Filter>
    </ClInclude>
    <ClInclude Include="RenderedGBufferPositionTexture.h">
      <Filter>Source Files</Filter>
    </ClInclude>
    <ClInclude Include="RenderedGTBNTexture.h">
      <Filter>Source Files</Filter>
    </ClInclude>
    <ClInclude Include="RenderedRayTracedColorTexture.h">
      <Filter>Source Files</Filter>
    </ClInclude>
    <ClInclude Include="SceneData.h">
      <Filter>Source Files</Filter>
    </ClInclude>
    <ClInclude Include="SceneRenderingPipeline.h">
      <Filter>Source Files</Filter>
    </ClInclude>
    <ClInclude Include="SceneRenderPass.h">
      <Filter>Source Files</Filter>
    </ClInclude>
    <ClInclude Include="Texture.h">
      <Filter>Source Files</Filter>
    </ClInclude>
    <ClInclude Include="Texture2D.h">
      <Filter>Source Files</Filter>
    </ClInclude>
    <ClInclude Include="Texture3D.h">
      <Filter>Source Files</Filter>
    </ClInclude>
    <ClInclude Include="TextureManager.h">
      <Filter>Source Files</Filter>
    </ClInclude>
    <ClInclude Include="Vertex.h">
      <Filter>Source Files</Filter>
    </ClInclude>
    <ClInclude Include="VulkanBuffer.h">
      <Filter>Source Files</Filter>
    </ClInclude>
    <ClInclude Include="VulkanBufferManager.h">
      <Filter>Source Files</Filter>
    </ClInclude>
    <ClInclude Include="VulkanDebugger.h">
      <Filter>Source Files</Filter>
    </ClInclude>
    <ClInclude Include="VulkanEngine.h">
      <Filter>Source Files</Filter>
    </ClInclude>
    <ClInclude Include="VulkanSwapChain.h">
      <Filter>Source Files</Filter>
    </ClInclude>
    <ClInclude Include="VulkanWindow.h">
      <Filter>Source Files</Filter>
    </ClInclude>
  </ItemGroup>
</Project>